// !$*UTF8*$!
{
	archiveVersion = 1;
	classes = {
	};
	objectVersion = 46;
	objects = {

/* Begin PBXBuildFile section */
		A148C4511E6F331F00E4EED2 /* AppDelegate.swift in Sources */ = {isa = PBXBuildFile; fileRef = A148C4501E6F331F00E4EED2 /* AppDelegate.swift */; };
		A148C4531E6F331F00E4EED2 /* RecordSoundsViewController.swift in Sources */ = {isa = PBXBuildFile; fileRef = A148C4521E6F331F00E4EED2 /* RecordSoundsViewController.swift */; };
		A148C4561E6F331F00E4EED2 /* Main.storyboard in Resources */ = {isa = PBXBuildFile; fileRef = A148C4541E6F331F00E4EED2 /* Main.storyboard */; };
		A148C4581E6F331F00E4EED2 /* Assets.xcassets in Resources */ = {isa = PBXBuildFile; fileRef = A148C4571E6F331F00E4EED2 /* Assets.xcassets */; };
		A148C45B1E6F331F00E4EED2 /* LaunchScreen.storyboard in Resources */ = {isa = PBXBuildFile; fileRef = A148C4591E6F331F00E4EED2 /* LaunchScreen.storyboard */; };
		A18315EB1E718EB900001B19 /* PlaySoundsViewController+Audio.swift in Sources */ = {isa = PBXBuildFile; fileRef = A18315EA1E718EB900001B19 /* PlaySoundsViewController+Audio.swift */; };
		A1A5ABF01E708C4A0043CC93 /* PlaySoundsViewController.swift in Sources */ = {isa = PBXBuildFile; fileRef = A1A5ABEF1E708C4A0043CC93 /* PlaySoundsViewController.swift */; };
/* End PBXBuildFile section */

/* Begin PBXFileReference section */
		A148C44D1E6F331F00E4EED2 /* Pitch Perfect.app */ = {isa = PBXFileReference; explicitFileType = wrapper.application; includeInIndex = 0; path = "Pitch Perfect.app"; sourceTree = BUILT_PRODUCTS_DIR; };
		A148C4501E6F331F00E4EED2 /* AppDelegate.swift */ = {isa = PBXFileReference; lastKnownFileType = sourcecode.swift; path = AppDelegate.swift; sourceTree = "<group>"; };
		A148C4521E6F331F00E4EED2 /* RecordSoundsViewController.swift */ = {isa = PBXFileReference; lastKnownFileType = sourcecode.swift; path = RecordSoundsViewController.swift; sourceTree = "<group>"; };
		A148C4551E6F331F00E4EED2 /* Base */ = {isa = PBXFileReference; lastKnownFileType = file.storyboard; name = Base; path = Base.lproj/Main.storyboard; sourceTree = "<group>"; };
		A148C4571E6F331F00E4EED2 /* Assets.xcassets */ = {isa = PBXFileReference; lastKnownFileType = folder.assetcatalog; path = Assets.xcassets; sourceTree = "<group>"; };
		A148C45A1E6F331F00E4EED2 /* Base */ = {isa = PBXFileReference; lastKnownFileType = file.storyboard; name = Base; path = Base.lproj/LaunchScreen.storyboard; sourceTree = "<group>"; };
		A148C45C1E6F331F00E4EED2 /* Info.plist */ = {isa = PBXFileReference; lastKnownFileType = text.plist.xml; path = Info.plist; sourceTree = "<group>"; };
		A18315EA1E718EB900001B19 /* PlaySoundsViewController+Audio.swift */ = {isa = PBXFileReference; fileEncoding = 4; lastKnownFileType = sourcecode.swift; path = "PlaySoundsViewController+Audio.swift"; sourceTree = "<group>"; };
		A1A5ABEF1E708C4A0043CC93 /* PlaySoundsViewController.swift */ = {isa = PBXFileReference; fileEncoding = 4; lastKnownFileType = sourcecode.swift; path = PlaySoundsViewController.swift; sourceTree = "<group>"; };
/* End PBXFileReference section */

/* Begin PBXFrameworksBuildPhase section */
		A148C44A1E6F331F00E4EED2 /* Frameworks */ = {
			isa = PBXFrameworksBuildPhase;
			buildActionMask = 2147483647;
			files = (
			);
			runOnlyForDeploymentPostprocessing = 0;
		};
/* End PBXFrameworksBuildPhase section */

/* Begin PBXGroup section */
		A148C4441E6F331F00E4EED2 = {
			isa = PBXGroup;
			children = (
				A148C44F1E6F331F00E4EED2 /* Pitch Perfect */,
				A148C44E1E6F331F00E4EED2 /* Products */,
			);
			sourceTree = "<group>";
		};
		A148C44E1E6F331F00E4EED2 /* Products */ = {
			isa = PBXGroup;
			children = (
				A148C44D1E6F331F00E4EED2 /* Pitch Perfect.app */,
			);
			name = Products;
			sourceTree = "<group>";
		};
		A148C44F1E6F331F00E4EED2 /* Pitch Perfect */ = {
			isa = PBXGroup;
			children = (
				A148C4501E6F331F00E4EED2 /* AppDelegate.swift */,
				A148C4521E6F331F00E4EED2 /* RecordSoundsViewController.swift */,
				A148C4541E6F331F00E4EED2 /* Main.storyboard */,
				A148C4571E6F331F00E4EED2 /* Assets.xcassets */,
				A148C4591E6F331F00E4EED2 /* LaunchScreen.storyboard */,
				A148C45C1E6F331F00E4EED2 /* Info.plist */,
				A1A5ABEF1E708C4A0043CC93 /* PlaySoundsViewController.swift */,
				A18315EA1E718EB900001B19 /* PlaySoundsViewController+Audio.swift */,
			);
			path = "Pitch Perfect";
			sourceTree = "<group>";
		};
/* End PBXGroup section */

/* Begin PBXNativeTarget section */
		A148C44C1E6F331F00E4EED2 /* Pitch Perfect */ = {
			isa = PBXNativeTarget;
			buildConfigurationList = A148C45F1E6F331F00E4EED2 /* Build configuration list for PBXNativeTarget "Pitch Perfect" */;
			buildPhases = (
				A148C4491E6F331F00E4EED2 /* Sources */,
				A148C44A1E6F331F00E4EED2 /* Frameworks */,
				A148C44B1E6F331F00E4EED2 /* Resources */,
			);
			buildRules = (
			);
			dependencies = (
			);
			name = "Pitch Perfect";
			productName = "Pitch Perfect";
			productReference = A148C44D1E6F331F00E4EED2 /* Pitch Perfect.app */;
			productType = "com.apple.product-type.application";
		};
/* End PBXNativeTarget section */

/* Begin PBXProject section */
		A148C4451E6F331F00E4EED2 /* Project object */ = {
			isa = PBXProject;
			attributes = {
				LastSwiftUpdateCheck = 0820;
				LastUpgradeCheck = 0820;
				ORGANIZATIONNAME = "Tanveer Singh";
				TargetAttributes = {
					A148C44C1E6F331F00E4EED2 = {
						CreatedOnToolsVersion = 8.2.1;
						DevelopmentTeam = RH9T3ENP8E;
						ProvisioningStyle = Automatic;
					};
				};
			};
			buildConfigurationList = A148C4481E6F331F00E4EED2 /* Build configuration list for PBXProject "Pitch Perfect" */;
			compatibilityVersion = "Xcode 3.2";
			developmentRegion = English;
			hasScannedForEncodings = 0;
			knownRegions = (
				en,
				Base,
			);
			mainGroup = A148C4441E6F331F00E4EED2;
			productRefGroup = A148C44E1E6F331F00E4EED2 /* Products */;
			projectDirPath = "";
			projectRoot = "";
			targets = (
				A148C44C1E6F331F00E4EED2 /* Pitch Perfect */,
			);
		};
/* End PBXProject section */

/* Begin PBXResourcesBuildPhase section */
		A148C44B1E6F331F00E4EED2 /* Resources */ = {
			isa = PBXResourcesBuildPhase;
			buildActionMask = 2147483647;
			files = (
				A148C45B1E6F331F00E4EED2 /* LaunchScreen.storyboard in Resources */,
				A148C4581E6F331F00E4EED2 /* Assets.xcassets in Resources */,
				A148C4561E6F331F00E4EED2 /* Main.storyboard in Resources */,
			);
			runOnlyForDeploymentPostprocessing = 0;
		};
/* End PBXResourcesBuildPhase section */

/* Begin PBXSourcesBuildPhase section */
		A148C4491E6F331F00E4EED2 /* Sources */ = {
			isa = PBXSourcesBuildPhase;
			buildActionMask = 2147483647;
			files = (
				A148C4531E6F331F00E4EED2 /* RecordSoundsViewController.swift in Sources */,
				A18315EB1E718EB900001B19 /* PlaySoundsViewController+Audio.swift in Sources */,
				A1A5ABF01E708C4A0043CC93 /* PlaySoundsViewController.swift in Sources */,
				A148C4511E6F331F00E4EED2 /* AppDelegate.swift in Sources */,
			);
			runOnlyForDeploymentPostprocessing = 0;
		};
/* End PBXSourcesBuildPhase section */

/* Begin PBXVariantGroup section */
		A148C4541E6F331F00E4EED2 /* Main.storyboard */ = {
			isa = PBXVariantGroup;
			children = (
				A148C4551E6F331F00E4EED2 /* Base */,
			);
			name = Main.storyboard;
			sourceTree = "<group>";
		};
		A148C4591E6F331F00E4EED2 /* LaunchScreen.storyboard */ = {
			isa = PBXVariantGroup;
			children = (
				A148C45A1E6F331F00E4EED2 /* Base */,
			);
			name = LaunchScreen.storyboard;
			sourceTree = "<group>";
		};
/* End PBXVariantGroup section */

/* Begin XCBuildConfiguration section */
		A148C45D1E6F331F00E4EED2 /* Debug */ = {
			isa = XCBuildConfiguration;
			buildSettings = {
				ALWAYS_SEARCH_USER_PATHS = NO;
				CLANG_ANALYZER_NONNULL = YES;
				CLANG_CXX_LANGUAGE_STANDARD = "gnu++0x";
				CLANG_CXX_LIBRARY = "libc++";
				CLANG_ENABLE_MODULES = YES;
				CLANG_ENABLE_OBJC_ARC = YES;
				CLANG_WARN_BOOL_CONVERSION = YES;
				CLANG_WARN_CONSTANT_CONVERSION = YES;
				CLANG_WARN_DIRECT_OBJC_ISA_USAGE = YES_ERROR;
				CLANG_WARN_DOCUMENTATION_COMMENTS = YES;
				CLANG_WARN_EMPTY_BODY = YES;
				CLANG_WARN_ENUM_CONVERSION = YES;
				CLANG_WARN_INFINITE_RECURSION = YES;
				CLANG_WARN_INT_CONVERSION = YES;
				CLANG_WARN_OBJC_ROOT_CLASS = YES_ERROR;
				CLANG_WARN_SUSPICIOUS_MOVE = YES;
				CLANG_WARN_UNREACHABLE_CODE = YES;
				CLANG_WARN__DUPLICATE_METHOD_MATCH = YES;
				"CODE_SIGN_IDENTITY[sdk=iphoneos*]" = "iPhone Developer";
				COPY_PHASE_STRIP = NO;
				DEBUG_INFORMATION_FORMAT = dwarf;
				ENABLE_STRICT_OBJC_MSGSEND = YES;
				ENABLE_TESTABILITY = YES;
				GCC_C_LANGUAGE_STANDARD = gnu99;
				GCC_DYNAMIC_NO_PIC = NO;
				GCC_NO_COMMON_BLOCKS = YES;
				GCC_OPTIMIZATION_LEVEL = 0;
				GCC_PREPROCESSOR_DEFINITIONS = (
					"DEBUG=1",
					"$(inherited)",
				);
				GCC_WARN_64_TO_32_BIT_CONVERSION = YES;
				GCC_WARN_ABOUT_RETURN_TYPE = YES_ERROR;
				GCC_WARN_UNDECLARED_SELECTOR = YES;
				GCC_WARN_UNINITIALIZED_AUTOS = YES_AGGRESSIVE;
				GCC_WARN_UNUSED_FUNCTION = YES;
				GCC_WARN_UNUSED_VARIABLE = YES;
				IPHONEOS_DEPLOYMENT_TARGET = 10.2;
				MTL_ENABLE_DEBUG_INFO = YES;
				ONLY_ACTIVE_ARCH = YES;
				SDKROOT = iphoneos;
				SWIFT_ACTIVE_COMPILATION_CONDITIONS = DEBUG;
				SWIFT_OPTIMIZATION_LEVEL = "-Onone";
				TARGETED_DEVICE_FAMILY = "1,2";
			};
			name = Debug;
		};
		A148C45E1E6F331F00E4EED2 /* Release */ = {
			isa = XCBuildConfiguration;
			buildSettings = {
				ALWAYS_SEARCH_USER_PATHS = NO;
				CLANG_ANALYZER_NONNULL = YES;
				CLANG_CXX_LANGUAGE_STANDARD = "gnu++0x";
				CLANG_CXX_LIBRARY = "libc++";
				CLANG_ENABLE_MODULES = YES;
				CLANG_ENABLE_OBJC_ARC = YES;
				CLANG_WARN_BOOL_CONVERSION = YES;
				CLANG_WARN_CONSTANT_CONVERSION = YES;
				CLANG_WARN_DIRECT_OBJC_ISA_USAGE = YES_ERROR;
				CLANG_WARN_DOCUMENTATION_COMMENTS = YES;
				CLANG_WARN_EMPTY_BODY = YES;
				CLANG_WARN_ENUM_CONVERSION = YES;
				CLANG_WARN_INFINITE_RECURSION = YES;
				CLANG_WARN_INT_CONVERSION = YES;
				CLANG_WARN_OBJC_ROOT_CLASS = YES_ERROR;
				CLANG_WARN_SUSPICIOUS_MOVE = YES;
				CLANG_WARN_UNREACHABLE_CODE = YES;
				CLANG_WARN__DUPLICATE_METHOD_MATCH = YES;
				"CODE_SIGN_IDENTITY[sdk=iphoneos*]" = "iPhone Developer";
				COPY_PHASE_STRIP = NO;
				DEBUG_INFORMATION_FORMAT = "dwarf-with-dsym";
				ENABLE_NS_ASSERTIONS = NO;
				ENABLE_STRICT_OBJC_MSGSEND = YES;
				GCC_C_LANGUAGE_STANDARD = gnu99;
				GCC_NO_COMMON_BLOCKS = YES;
				GCC_WARN_64_TO_32_BIT_CONVERSION = YES;
				GCC_WARN_ABOUT_RETURN_TYPE = YES_ERROR;
				GCC_WARN_UNDECLARED_SELECTOR = YES;
				GCC_WARN_UNINITIALIZED_AUTOS = YES_AGGRESSIVE;
				GCC_WARN_UNUSED_FUNCTION = YES;
				GCC_WARN_UNUSED_VARIABLE = YES;
				IPHONEOS_DEPLOYMENT_TARGET = 10.2;
				MTL_ENABLE_DEBUG_INFO = NO;
				SDKROOT = iphoneos;
				SWIFT_OPTIMIZATION_LEVEL = "-Owholemodule";
				TARGETED_DEVICE_FAMILY = "1,2";
				VALIDATE_PRODUCT = YES;
			};
			name = Release;
		};
		A148C4601E6F331F00E4EED2 /* Debug */ = {
			isa = XCBuildConfiguration;
			buildSettings = {
				ASSETCATALOG_COMPILER_APPICON_NAME = AppIcon;
				DEVELOPMENT_TEAM = RH9T3ENP8E;
				INFOPLIST_FILE = "Pitch Perfect/Info.plist";
				LD_RUNPATH_SEARCH_PATHS = "$(inherited) @executable_path/Frameworks";
				PRODUCT_BUNDLE_IDENTIFIER = "com.tanveer.Pitch-Perfect";
				PRODUCT_NAME = "$(TARGET_NAME)";
				SWIFT_VERSION = 3.0;
			};
			name = Debug;
		};
		A148C4611E6F331F00E4EED2 /* Release */ = {
			isa = XCBuildConfiguration;
			buildSettings = {
				ASSETCATALOG_COMPILER_APPICON_NAME = AppIcon;
				DEVELOPMENT_TEAM = RH9T3ENP8E;
				INFOPLIST_FILE = "Pitch Perfect/Info.plist";
				LD_RUNPATH_SEARCH_PATHS = "$(inherited) @executable_path/Frameworks";
				PRODUCT_BUNDLE_IDENTIFIER = "com.tanveer.Pitch-Perfect";
				PRODUCT_NAME = "$(TARGET_NAME)";
				SWIFT_VERSION = 3.0;
			};
			name = Release;
		};
/* End XCBuildConfiguration section */

/* Begin XCConfigurationList section */
		A148C4481E6F331F00E4EED2 /* Build configuration list for PBXProject "Pitch Perfect" */ = {
			isa = XCConfigurationList;
			buildConfigurations = (
				A148C45D1E6F331F00E4EED2 /* Debug */,
				A148C45E1E6F331F00E4EED2 /* Release */,
			);
			defaultConfigurationIsVisible = 0;
			defaultConfigurationName = Release;
		};
		A148C45F1E6F331F00E4EED2 /* Build configuration list for PBXNativeTarget "Pitch Perfect" */ = {
			isa = XCConfigurationList;
			buildConfigurations = (
				A148C4601E6F331F00E4EED2 /* Debug */,
				A148C4611E6F331F00E4EED2 /* Release */,
			);
			defaultConfigurationIsVisible = 0;
			defaultConfigurationName = Release;
		};
/* End XCConfigurationList section */
	};
	rootObject = A148C4451E6F331F00E4EED2 /* Project object */;
}
